
Microsoft Visual Studio Solution File, Format Version 12.00
# Visual Studio Version 16
VisualStudioVersion = 16.0.33801.447
MinimumVisualStudioVersion = 10.0.40219.1
Project("{8BC9CEB8-8B4A-11D0-8D11-00A0C91BC942}") = "test_2023_1005", "test_2023_1005.vcxproj", "{A42F0822-0979-476C-9936-F6FD4A953259}"
EndProject
Global
	GlobalSection(SolutionConfigurationPlatforms) = preSolution
		Debug|x64 = Debug|x64
		Debug|x86 = Debug|x86
		Release|x64 = Release|x64
		Release|x86 = Release|x86
	EndGlobalSection
	GlobalSection(ProjectConfigurationPlatforms) = postSolution
		{A42F0822-0979-476C-9936-F6FD4A953259}.Debug|x64.ActiveCfg = Debug|x64
		{A42F0822-0979-476C-9936-F6FD4A953259}.Debug|x64.Build.0 = Debug|x64
		{A42F0822-0979-476C-9936-F6FD4A953259}.Debug|x86.ActiveCfg = Debug|Win32
		{A42F0822-0979-476C-9936-F6FD4A953259}.Debug|x86.Build.0 = Debug|Win32
		{A42F0822-0979-476C-9936-F6FD4A953259}.Release|x64.ActiveCfg = Release|x64
		{A42F0822-0979-476C-9936-F6FD4A953259}.Release|x64.Build.0 = Release|x64
		{A42F0822-0979-476C-9936-F6FD4A953259}.Release|x86.ActiveCfg = Release|Win32
		{A42F0822-0979-476C-9936-F6FD4A953259}.Release|x86.Build.0 = Release|Win32
	EndGlobalSection
	GlobalSection(SolutionProperties) = preSolution
		HideSolutionNode = FALSE
	EndGlobalSection
	GlobalSection(ExtensibilityGlobals) = postSolution
		SolutionGuid = {92441E93-2A89-4B84-9A6B-4810BDA67AC6}
	EndGlobalSection
EndGlobal
