
Microsoft Visual Studio Solution File, Format Version 12.00
# Visual Studio Version 16
VisualStudioVersion = 16.0.33801.447
MinimumVisualStudioVersion = 10.0.40219.1
Project("{8BC9CEB8-8B4A-11D0-8D11-00A0C91BC942}") = "test_2024_0320", "test_2024_0320.vcxproj", "{1997A3D1-A429-480B-8A53-BD93985E548B}"
EndProject
Global
	GlobalSection(SolutionConfigurationPlatforms) = preSolution
		Debug|x64 = Debug|x64
		Debug|x86 = Debug|x86
		Release|x64 = Release|x64
		Release|x86 = Release|x86
	EndGlobalSection
	GlobalSection(ProjectConfigurationPlatforms) = postSolution
		{1997A3D1-A429-480B-8A53-BD93985E548B}.Debug|x64.ActiveCfg = Debug|x64
		{1997A3D1-A429-480B-8A53-BD93985E548B}.Debug|x64.Build.0 = Debug|x64
		{1997A3D1-A429-480B-8A53-BD93985E548B}.Debug|x86.ActiveCfg = Debug|Win32
		{1997A3D1-A429-480B-8A53-BD93985E548B}.Debug|x86.Build.0 = Debug|Win32
		{1997A3D1-A429-480B-8A53-BD93985E548B}.Release|x64.ActiveCfg = Release|x64
		{1997A3D1-A429-480B-8A53-BD93985E548B}.Release|x64.Build.0 = Release|x64
		{1997A3D1-A429-480B-8A53-BD93985E548B}.Release|x86.ActiveCfg = Release|Win32
		{1997A3D1-A429-480B-8A53-BD93985E548B}.Release|x86.Build.0 = Release|Win32
	EndGlobalSection
	GlobalSection(SolutionProperties) = preSolution
		HideSolutionNode = FALSE
	EndGlobalSection
	GlobalSection(ExtensibilityGlobals) = postSolution
		SolutionGuid = {E3E15DCB-9A30-4D8B-9569-FAA5DA4A9F2D}
	EndGlobalSection
EndGlobal
