
Microsoft Visual Studio Solution File, Format Version 12.00
# Visual Studio Version 16
VisualStudioVersion = 16.0.33801.447
MinimumVisualStudioVersion = 10.0.40219.1
Project("{8BC9CEB8-8B4A-11D0-8D11-00A0C91BC942}") = "test_2024_0310", "test_2024_0310.vcxproj", "{696AFA64-70CD-402B-A9C5-7AC10BF6ADFD}"
EndProject
Global
	GlobalSection(SolutionConfigurationPlatforms) = preSolution
		Debug|x64 = Debug|x64
		Debug|x86 = Debug|x86
		Release|x64 = Release|x64
		Release|x86 = Release|x86
	EndGlobalSection
	GlobalSection(ProjectConfigurationPlatforms) = postSolution
		{696AFA64-70CD-402B-A9C5-7AC10BF6ADFD}.Debug|x64.ActiveCfg = Debug|x64
		{696AFA64-70CD-402B-A9C5-7AC10BF6ADFD}.Debug|x64.Build.0 = Debug|x64
		{696AFA64-70CD-402B-A9C5-7AC10BF6ADFD}.Debug|x86.ActiveCfg = Debug|Win32
		{696AFA64-70CD-402B-A9C5-7AC10BF6ADFD}.Debug|x86.Build.0 = Debug|Win32
		{696AFA64-70CD-402B-A9C5-7AC10BF6ADFD}.Release|x64.ActiveCfg = Release|x64
		{696AFA64-70CD-402B-A9C5-7AC10BF6ADFD}.Release|x64.Build.0 = Release|x64
		{696AFA64-70CD-402B-A9C5-7AC10BF6ADFD}.Release|x86.ActiveCfg = Release|Win32
		{696AFA64-70CD-402B-A9C5-7AC10BF6ADFD}.Release|x86.Build.0 = Release|Win32
	EndGlobalSection
	GlobalSection(SolutionProperties) = preSolution
		HideSolutionNode = FALSE
	EndGlobalSection
	GlobalSection(ExtensibilityGlobals) = postSolution
		SolutionGuid = {C7A74455-D136-43EE-B8BE-6D61846BAD8C}
	EndGlobalSection
EndGlobal
